
Microsoft Visual Studio Solution File, Format Version 12.00
# Visual Studio Version 17
VisualStudioVersion = 17.10.35004.147
MinimumVisualStudioVersion = 10.0.40219.1
Project("{9A19103F-16F7-4668-BE54-9A1E7A4F7556}") = "Core", "Core\Core.csproj", "{91F79C90-76C8-4068-8486-C68128CD0453}"
EndProject
Project("{9A19103F-16F7-4668-BE54-9A1E7A4F7556}") = "Core.Tests", "Core.Tests\Core.Tests.csproj", "{BDBC4C87-A157-4079-99D4-1DD94DA7B63A}"
EndProject
Global
	GlobalSection(SolutionConfigurationPlatforms) = preSolution
		Debug|Any CPU = Debug|Any CPU
		Release|Any CPU = Release|Any CPU
	EndGlobalSection
	GlobalSection(ProjectConfigurationPlatforms) = postSolution
		{91F79C90-76C8-4068-8486-C68128CD0453}.Debug|Any CPU.ActiveCfg = Debug|Any CPU
		{91F79C90-76C8-4068-8486-C68128CD0453}.Debug|Any CPU.Build.0 = Debug|Any CPU
		{91F79C90-76C8-4068-8486-C68128CD0453}.Release|Any CPU.ActiveCfg = Release|Any CPU
		{91F79C90-76C8-4068-8486-C68128CD0453}.Release|Any CPU.Build.0 = Release|Any CPU
		{BDBC4C87-A157-4079-99D4-1DD94DA7B63A}.Debug|Any CPU.ActiveCfg = Debug|Any CPU
		{BDBC4C87-A157-4079-99D4-1DD94DA7B63A}.Debug|Any CPU.Build.0 = Debug|Any CPU
		{BDBC4C87-A157-4079-99D4-1DD94DA7B63A}.Release|Any CPU.ActiveCfg = Release|Any CPU
		{BDBC4C87-A157-4079-99D4-1DD94DA7B63A}.Release|Any CPU.Build.0 = Release|Any CPU
	EndGlobalSection
	GlobalSection(SolutionProperties) = preSolution
		HideSolutionNode = FALSE
	EndGlobalSection
	GlobalSection(ExtensibilityGlobals) = postSolution
		SolutionGuid = {0F5A6100-563A-4294-B23B-96FF5470452A}
	EndGlobalSection
EndGlobal
